lockfileVersion: '9.0'

settings:
  autoInstallPeers: true
  excludeLinksFromLockfile: false

importers:

  .:
    devDependencies:
      '@wetspace/wetspec-cli':
        specifier: ^1.2.2
        version: 1.2.2

packages:

  '@wetspace/wetspec-cli@1.2.2':
    resolution: {integrity: sha512-LKC/O8riQvRSo7bUlH5nius1FGT7aJjaL90x/7TMbmtZMwv7NI38BMx/054HbOjjDwgA33ga1RRPflsRcmpySg==}
    engines: {node: '>=18'}
    hasBin: true

  argparse@2.0.1:
    resolution: {integrity: sha512-8+9WqebbFzpX9OR+Wa6O29asIogeRMzcGtAINdpMHHyAg10f05aSFVBbcEqGf/PXw1EjAZ+q2/bEBg3DvurK3Q==}

  diff@5.2.2:
    resolution: {integrity: sha512-vtcDfH3TOjP8UekytvnHH1o1P4FcUdt4eQ1Y+Abap1tk/OB2MWQvcwS2ClCd1zuIhc3JKOx6p3kod8Vfys3E+A==}
    engines: {node: '>=0.3.1'}

  js-yaml@4.2.0:
    resolution: {integrity: sha512-ePWsvanv0DWuDRsW8dnt+R4jQ31SCRCQ7hhNcPXZPsoBZiemuZNYGf7adZdqX2D86j6rvKp3RpCxVTSb8WQlOw==}
    hasBin: true

snapshots:

  '@wetspace/wetspec-cli@1.2.2':
    dependencies:
      diff: 5.2.2
      js-yaml: 4.2.0

  argparse@2.0.1: {}

  diff@5.2.2: {}

  js-yaml@4.2.0:
    dependencies:
      argparse: 2.0.1
